
Microsoft Visual Studio Solution File, Format Version 12.00
# Visual Studio Version 17
VisualStudioVersion = 17.9.34728.123
MinimumVisualStudioVersion = 10.0.40219.1
Project("{9A19103F-16F7-4668-BE54-9A1E7A4F7556}") = "EVEClassLibrary", "EVEClassLibrary.csproj", "{11075D7E-B917-4230-91EA-7B711F6316EE}"
EndProject
Project("{9A19103F-16F7-4668-BE54-9A1E7A4F7556}") = "Eve Console Tester", "..\Eve Console Tester\Eve Console Tester.csproj", "{88E12E17-5EB2-462B-B651-73E6AFD9DC72}"
	ProjectSection(ProjectDependencies) = postProject
		{11075D7E-B917-4230-91EA-7B711F6316EE} = {11075D7E-B917-4230-91EA-7B711F6316EE}
	EndProjectSection
EndProject
Project("{9A19103F-16F7-4668-BE54-9A1E7A4F7556}") = "EVEMarketeerTest", "..\EVEMarketeerTest\EVEMarketeerTest.csproj", "{B94B5A20-3980-4849-B029-894A32461E84}"
	ProjectSection(ProjectDependencies) = postProject
		{11075D7E-B917-4230-91EA-7B711F6316EE} = {11075D7E-B917-4230-91EA-7B711F6316EE}
	EndProjectSection
EndProject
Global
	GlobalSection(SolutionConfigurationPlatforms) = preSolution
		Debug|Any CPU = Debug|Any CPU
		Debug|x86 = Debug|x86
		Release|Any CPU = Release|Any CPU
		Release|x86 = Release|x86
	EndGlobalSection
	GlobalSection(ProjectConfigurationPlatforms) = postSolution
		{11075D7E-B917-4230-91EA-7B711F6316EE}.Debug|Any CPU.ActiveCfg = Debug|Any CPU
		{11075D7E-B917-4230-91EA-7B711F6316EE}.Debug|Any CPU.Build.0 = Debug|Any CPU
		{11075D7E-B917-4230-91EA-7B711F6316EE}.Debug|x86.ActiveCfg = Debug|Any CPU
		{11075D7E-B917-4230-91EA-7B711F6316EE}.Debug|x86.Build.0 = Debug|Any CPU
		{11075D7E-B917-4230-91EA-7B711F6316EE}.Release|Any CPU.ActiveCfg = Release|Any CPU
		{11075D7E-B917-4230-91EA-7B711F6316EE}.Release|Any CPU.Build.0 = Release|Any CPU
		{11075D7E-B917-4230-91EA-7B711F6316EE}.Release|x86.ActiveCfg = Release|Any CPU
		{11075D7E-B917-4230-91EA-7B711F6316EE}.Release|x86.Build.0 = Release|Any CPU
		{88E12E17-5EB2-462B-B651-73E6AFD9DC72}.Debug|Any CPU.ActiveCfg = Debug|Any CPU
		{88E12E17-5EB2-462B-B651-73E6AFD9DC72}.Debug|Any CPU.Build.0 = Debug|Any CPU
		{88E12E17-5EB2-462B-B651-73E6AFD9DC72}.Debug|x86.ActiveCfg = Debug|Any CPU
		{88E12E17-5EB2-462B-B651-73E6AFD9DC72}.Debug|x86.Build.0 = Debug|Any CPU
		{88E12E17-5EB2-462B-B651-73E6AFD9DC72}.Release|Any CPU.ActiveCfg = Release|Any CPU
		{88E12E17-5EB2-462B-B651-73E6AFD9DC72}.Release|Any CPU.Build.0 = Release|Any CPU
		{88E12E17-5EB2-462B-B651-73E6AFD9DC72}.Release|x86.ActiveCfg = Release|Any CPU
		{88E12E17-5EB2-462B-B651-73E6AFD9DC72}.Release|x86.Build.0 = Release|Any CPU
		{B94B5A20-3980-4849-B029-894A32461E84}.Debug|Any CPU.ActiveCfg = Debug|Any CPU
		{B94B5A20-3980-4849-B029-894A32461E84}.Debug|Any CPU.Build.0 = Debug|Any CPU
		{B94B5A20-3980-4849-B029-894A32461E84}.Debug|x86.ActiveCfg = Debug|Any CPU
		{B94B5A20-3980-4849-B029-894A32461E84}.Debug|x86.Build.0 = Debug|Any CPU
		{B94B5A20-3980-4849-B029-894A32461E84}.Release|Any CPU.ActiveCfg = Release|Any CPU
		{B94B5A20-3980-4849-B029-894A32461E84}.Release|Any CPU.Build.0 = Release|Any CPU
		{B94B5A20-3980-4849-B029-894A32461E84}.Release|x86.ActiveCfg = Release|Any CPU
		{B94B5A20-3980-4849-B029-894A32461E84}.Release|x86.Build.0 = Release|Any CPU
	EndGlobalSection
	GlobalSection(SolutionProperties) = preSolution
		HideSolutionNode = FALSE
	EndGlobalSection
	GlobalSection(ExtensibilityGlobals) = postSolution
		SolutionGuid = {B80DFCE7-AE15-4A9A-9490-42FC740FA468}
	EndGlobalSection
EndGlobal
