
Microsoft Visual Studio Solution File, Format Version 12.00
# Visual Studio Version 17
VisualStudioVersion = 17.9.34728.123
MinimumVisualStudioVersion = 10.0.40219.1
Project("{9A19103F-16F7-4668-BE54-9A1E7A4F7556}") = "EVEMarketeerConsole", "EVEMarketeerConsole\EVEMarketeerConsole.csproj", "{1F1AA614-422E-4AD4-A747-AF554551CD5B}"
EndProject
Project("{9A19103F-16F7-4668-BE54-9A1E7A4F7556}") = "EVEClassLibrary", "EVEClassLibrary\EVEClassLibrary.csproj", "{0F9BE573-764C-4C83-9A46-B77D5EC6B13B}"
EndProject
Project("{9A19103F-16F7-4668-BE54-9A1E7A4F7556}") = "EVEClassLibraryTests", "EVEClassLibraryTests\EVEClassLibraryTests.csproj", "{E8D5A0F8-B515-4AAC-A841-65732BDC2C41}"
EndProject
Global
	GlobalSection(SolutionConfigurationPlatforms) = preSolution
		Debug|Any CPU = Debug|Any CPU
		Release|Any CPU = Release|Any CPU
	EndGlobalSection
	GlobalSection(ProjectConfigurationPlatforms) = postSolution
		{1F1AA614-422E-4AD4-A747-AF554551CD5B}.Debug|Any CPU.ActiveCfg = Debug|Any CPU
		{1F1AA614-422E-4AD4-A747-AF554551CD5B}.Debug|Any CPU.Build.0 = Debug|Any CPU
		{1F1AA614-422E-4AD4-A747-AF554551CD5B}.Release|Any CPU.ActiveCfg = Release|Any CPU
		{1F1AA614-422E-4AD4-A747-AF554551CD5B}.Release|Any CPU.Build.0 = Release|Any CPU
		{0F9BE573-764C-4C83-9A46-B77D5EC6B13B}.Debug|Any CPU.ActiveCfg = Debug|Any CPU
		{0F9BE573-764C-4C83-9A46-B77D5EC6B13B}.Debug|Any CPU.Build.0 = Debug|Any CPU
		{0F9BE573-764C-4C83-9A46-B77D5EC6B13B}.Release|Any CPU.ActiveCfg = Release|Any CPU
		{0F9BE573-764C-4C83-9A46-B77D5EC6B13B}.Release|Any CPU.Build.0 = Release|Any CPU
		{E8D5A0F8-B515-4AAC-A841-65732BDC2C41}.Debug|Any CPU.ActiveCfg = Debug|Any CPU
		{E8D5A0F8-B515-4AAC-A841-65732BDC2C41}.Debug|Any CPU.Build.0 = Debug|Any CPU
		{E8D5A0F8-B515-4AAC-A841-65732BDC2C41}.Release|Any CPU.ActiveCfg = Release|Any CPU
		{E8D5A0F8-B515-4AAC-A841-65732BDC2C41}.Release|Any CPU.Build.0 = Release|Any CPU
	EndGlobalSection
	GlobalSection(SolutionProperties) = preSolution
		HideSolutionNode = FALSE
	EndGlobalSection
	GlobalSection(ExtensibilityGlobals) = postSolution
		SolutionGuid = {A9357E17-69F5-43D1-9374-667BB4E05C3C}
	EndGlobalSection
EndGlobal
